// !$*UTF8*$!
{
	archiveVersion = 1;
	classes = {
	};
	objectVersion = 46;
	objects = {

/* Begin PBXBuildFile section */
		965BFB771F6AA17C001D6726 /* SDPRegisterViewController.swift in Sources */ = {isa = PBXBuildFile; fileRef = 965BFB761F6AA17C001D6726 /* SDPRegisterViewController.swift */; };
		9660572F1F69623700861535 /* SDPBaseViewController.swift in Sources */ = {isa = PBXBuildFile; fileRef = 9660572E1F69623700861535 /* SDPBaseViewController.swift */; };
		966057361F69644400861535 /* SDPLoginViewController.swift in Sources */ = {isa = PBXBuildFile; fileRef = 966057351F69644400861535 /* SDPLoginViewController.swift */; };
		967DD7D71F6955E0006E4684 /* AppDelegate.swift in Sources */ = {isa = PBXBuildFile; fileRef = 967DD7D61F6955E0006E4684 /* AppDelegate.swift */; };
		967DD7DE1F6955E0006E4684 /* Assets.xcassets in Resources */ = {isa = PBXBuildFile; fileRef = 967DD7DD1F6955E0006E4684 /* Assets.xcassets */; };
		967DD7E11F6955E0006E4684 /* LaunchScreen.storyboard in Resources */ = {isa = PBXBuildFile; fileRef = 967DD7DF1F6955E0006E4684 /* LaunchScreen.storyboard */; };
		981F1F3009E8A5C2793CDE76 /* Pods_SDPPushClient.framework in Frameworks */ = {isa = PBXBuildFile; fileRef = FB74D4FC4C9A3E625C3A38EF /* Pods_SDPPushClient.framework */; };
		F416AFAE1F6A634E000C22E1 /* SDPNavigationController.swift in Sources */ = {isa = PBXBuildFile; fileRef = F416AFAD1F6A634E000C22E1 /* SDPNavigationController.swift */; };
		F416AFB11F6A6401000C22E1 /* SDPMacro.swift in Sources */ = {isa = PBXBuildFile; fileRef = F416AFB01F6A6401000C22E1 /* SDPMacro.swift */; };
		F41AC68B1F6BB5660007A86E /* SDPAccount.swift in Sources */ = {isa = PBXBuildFile; fileRef = F41AC68A1F6BB5660007A86E /* SDPAccount.swift */; };
		F41AC68E1F6BBA140007A86E /* SDPAccountManager.swift in Sources */ = {isa = PBXBuildFile; fileRef = F41AC68D1F6BBA140007A86E /* SDPAccountManager.swift */; };
		F41AC6911F6BBC770007A86E /* SDPTabBarController.swift in Sources */ = {isa = PBXBuildFile; fileRef = F41AC6901F6BBC770007A86E /* SDPTabBarController.swift */; };
		F41AC6951F6BC2B20007A86E /* SDPAppListViewController.swift in Sources */ = {isa = PBXBuildFile; fileRef = F41AC6941F6BC2B20007A86E /* SDPAppListViewController.swift */; };
		F41AC6991F6BC49C0007A86E /* SDPPushListViewController.swift in Sources */ = {isa = PBXBuildFile; fileRef = F41AC6981F6BC49C0007A86E /* SDPPushListViewController.swift */; };
		F41AC69D1F6BC6110007A86E /* SDPSettingViewController.swift in Sources */ = {isa = PBXBuildFile; fileRef = F41AC69C1F6BC6110007A86E /* SDPSettingViewController.swift */; };
		F41AC69F1F6BC7D10007A86E /* LocalAuthentication.framework in Frameworks */ = {isa = PBXBuildFile; fileRef = F41AC69E1F6BC7D10007A86E /* LocalAuthentication.framework */; settings = {ATTRIBUTES = (Weak, ); }; };
		F41AC6A11F6BC8460007A86E /* SDPTouchIDViewController.swift in Sources */ = {isa = PBXBuildFile; fileRef = F41AC6A01F6BC8460007A86E /* SDPTouchIDViewController.swift */; };
		F4CB1C341F6A706500A2DDEC /* SJStringExtension.swift in Sources */ = {isa = PBXBuildFile; fileRef = F4CB1C331F6A706500A2DDEC /* SJStringExtension.swift */; };
		F4CB1C381F6A78C900A2DDEC /* SDPHttpsClient.swift in Sources */ = {isa = PBXBuildFile; fileRef = F4CB1C371F6A78C900A2DDEC /* SDPHttpsClient.swift */; };
/* End PBXBuildFile section */

/* Begin PBXFileReference section */
		965BFB761F6AA17C001D6726 /* SDPRegisterViewController.swift */ = {isa = PBXFileReference; fileEncoding = 4; lastKnownFileType = sourcecode.swift; path = SDPRegisterViewController.swift; sourceTree = "<group>"; };
		9660572E1F69623700861535 /* SDPBaseViewController.swift */ = {isa = PBXFileReference; fileEncoding = 4; lastKnownFileType = sourcecode.swift; path = SDPBaseViewController.swift; sourceTree = "<group>"; };
		966057351F69644400861535 /* SDPLoginViewController.swift */ = {isa = PBXFileReference; fileEncoding = 4; lastKnownFileType = sourcecode.swift; path = SDPLoginViewController.swift; sourceTree = "<group>"; };
		966057371F696EE300861535 /* SDPPushClient-Bridging-Header.h */ = {isa = PBXFileReference; lastKnownFileType = sourcecode.c.h; path = "SDPPushClient-Bridging-Header.h"; sourceTree = "<group>"; };
		967DD7D31F6955E0006E4684 /* SDPPushClient.app */ = {isa = PBXFileReference; explicitFileType = wrapper.application; includeInIndex = 0; path = SDPPushClient.app; sourceTree = BUILT_PRODUCTS_DIR; };
		967DD7D61F6955E0006E4684 /* AppDelegate.swift */ = {isa = PBXFileReference; lastKnownFileType = sourcecode.swift; path = AppDelegate.swift; sourceTree = "<group>"; };
		967DD7DD1F6955E0006E4684 /* Assets.xcassets */ = {isa = PBXFileReference; lastKnownFileType = folder.assetcatalog; path = Assets.xcassets; sourceTree = "<group>"; };
		967DD7E01F6955E0006E4684 /* Base */ = {isa = PBXFileReference; lastKnownFileType = file.storyboard; name = Base; path = Base.lproj/LaunchScreen.storyboard; sourceTree = "<group>"; };
		967DD7E21F6955E0006E4684 /* Info.plist */ = {isa = PBXFileReference; lastKnownFileType = text.plist.xml; path = Info.plist; sourceTree = "<group>"; };
		DBA021C8E7DD92867AC42DC7 /* Pods-SDPPushClient.release.xcconfig */ = {isa = PBXFileReference; includeInIndex = 1; lastKnownFileType = text.xcconfig; name = "Pods-SDPPushClient.release.xcconfig"; path = "Pods/Target Support Files/Pods-SDPPushClient/Pods-SDPPushClient.release.xcconfig"; sourceTree = "<group>"; };
		F416AFAD1F6A634E000C22E1 /* SDPNavigationController.swift */ = {isa = PBXFileReference; fileEncoding = 4; lastKnownFileType = sourcecode.swift; path = SDPNavigationController.swift; sourceTree = "<group>"; };
		F416AFB01F6A6401000C22E1 /* SDPMacro.swift */ = {isa = PBXFileReference; fileEncoding = 4; lastKnownFileType = sourcecode.swift; path = SDPMacro.swift; sourceTree = "<group>"; };
		F41AC68A1F6BB5660007A86E /* SDPAccount.swift */ = {isa = PBXFileReference; fileEncoding = 4; lastKnownFileType = sourcecode.swift; path = SDPAccount.swift; sourceTree = "<group>"; };
		F41AC68D1F6BBA140007A86E /* SDPAccountManager.swift */ = {isa = PBXFileReference; fileEncoding = 4; lastKnownFileType = sourcecode.swift; path = SDPAccountManager.swift; sourceTree = "<group>"; };
		F41AC6901F6BBC770007A86E /* SDPTabBarController.swift */ = {isa = PBXFileReference; fileEncoding = 4; lastKnownFileType = sourcecode.swift; path = SDPTabBarController.swift; sourceTree = "<group>"; };
		F41AC6941F6BC2B20007A86E /* SDPAppListViewController.swift */ = {isa = PBXFileReference; fileEncoding = 4; lastKnownFileType = sourcecode.swift; path = SDPAppListViewController.swift; sourceTree = "<group>"; };
		F41AC6981F6BC49C0007A86E /* SDPPushListViewController.swift */ = {isa = PBXFileReference; fileEncoding = 4; lastKnownFileType = sourcecode.swift; path = SDPPushListViewController.swift; sourceTree = "<group>"; };
		F41AC69C1F6BC6110007A86E /* SDPSettingViewController.swift */ = {isa = PBXFileReference; fileEncoding = 4; lastKnownFileType = sourcecode.swift; path = SDPSettingViewController.swift; sourceTree = "<group>"; };
		F41AC69E1F6BC7D10007A86E /* LocalAuthentication.framework */ = {isa = PBXFileReference; lastKnownFileType = wrapper.framework; name = LocalAuthentication.framework; path = System/Library/Frameworks/LocalAuthentication.framework; sourceTree = SDKROOT; };
		F41AC6A01F6BC8460007A86E /* SDPTouchIDViewController.swift */ = {isa = PBXFileReference; fileEncoding = 4; lastKnownFileType = sourcecode.swift; path = SDPTouchIDViewController.swift; sourceTree = "<group>"; };
		F4CB1C331F6A706500A2DDEC /* SJStringExtension.swift */ = {isa = PBXFileReference; fileEncoding = 4; lastKnownFileType = sourcecode.swift; path = SJStringExtension.swift; sourceTree = "<group>"; };
		F4CB1C371F6A78C900A2DDEC /* SDPHttpsClient.swift */ = {isa = PBXFileReference; fileEncoding = 4; lastKnownFileType = sourcecode.swift; path = SDPHttpsClient.swift; sourceTree = "<group>"; };
		FB74D4FC4C9A3E625C3A38EF /* Pods_SDPPushClient.framework */ = {isa = PBXFileReference; explicitFileType = wrapper.framework; includeInIndex = 0; path = Pods_SDPPushClient.framework; sourceTree = BUILT_PRODUCTS_DIR; };
		FB86AED1C1789940CB4D89BD /* Pods-SDPPushClient.debug.xcconfig */ = {isa = PBXFileReference; includeInIndex = 1; lastKnownFileType = text.xcconfig; name = "Pods-SDPPushClient.debug.xcconfig"; path = "Pods/Target Support Files/Pods-SDPPushClient/Pods-SDPPushClient.debug.xcconfig"; sourceTree = "<group>"; };
/* End PBXFileReference section */

/* Begin PBXFrameworksBuildPhase section */
		967DD7D01F6955E0006E4684 /* Frameworks */ = {
			isa = PBXFrameworksBuildPhase;
			buildActionMask = 2147483647;
			files = (
				F41AC69F1F6BC7D10007A86E /* LocalAuthentication.framework in Frameworks */,
				981F1F3009E8A5C2793CDE76 /* Pods_SDPPushClient.framework in Frameworks */,
			);
			runOnlyForDeploymentPostprocessing = 0;
		};
/* End PBXFrameworksBuildPhase section */

/* Begin PBXGroup section */
		218E3683F62E9DF881D6A133 /* Pods */ = {
			isa = PBXGroup;
			children = (
				FB86AED1C1789940CB4D89BD /* Pods-SDPPushClient.debug.xcconfig */,
				DBA021C8E7DD92867AC42DC7 /* Pods-SDPPushClient.release.xcconfig */,
			);
			name = Pods;
			sourceTree = "<group>";
		};
		2CB9E31E7EC35EBBD8770B77 /* Frameworks */ = {
			isa = PBXGroup;
			children = (
				F41AC69E1F6BC7D10007A86E /* LocalAuthentication.framework */,
				FB74D4FC4C9A3E625C3A38EF /* Pods_SDPPushClient.framework */,
			);
			name = Frameworks;
			sourceTree = "<group>";
		};
		965BFB741F6AA13E001D6726 /* Register(注册) */ = {
			isa = PBXGroup;
			children = (
				965BFB751F6AA160001D6726 /* Controller */,
			);
			name = "Register(注册)";
			path = Register;
			sourceTree = "<group>";
		};
		965BFB751F6AA160001D6726 /* Controller */ = {
			isa = PBXGroup;
			children = (
				965BFB761F6AA17C001D6726 /* SDPRegisterViewController.swift */,
			);
			path = Controller;
			sourceTree = "<group>";
		};
		9660572C1F6961CA00861535 /* Foundation(基础) */ = {
			isa = PBXGroup;
			children = (
				F41AC68F1F6BBC290007A86E /* TabBarController(底部导航) */,
				F416AFAC1F6A6317000C22E1 /* NavigationController(导航控制器) */,
				9660572D1F6961FA00861535 /* ViewController(试图控制器) */,
			);
			name = "Foundation(基础)";
			path = Foundation;
			sourceTree = "<group>";
		};
		9660572D1F6961FA00861535 /* ViewController(试图控制器) */ = {
			isa = PBXGroup;
			children = (
				9660572E1F69623700861535 /* SDPBaseViewController.swift */,
			);
			name = "ViewController(试图控制器)";
			path = ViewController;
			sourceTree = "<group>";
		};
		966057301F69632400861535 /* Modules(模块) */ = {
			isa = PBXGroup;
			children = (
				F41AC69A1F6BC5A00007A86E /* Setting(设置) */,
				F41AC6961F6BC3F90007A86E /* PushList(推送记录) */,
				F41AC6921F6BC2480007A86E /* Application(应用) */,
				965BFB741F6AA13E001D6726 /* Register(注册) */,
				966057311F69634500861535 /* Login(登陆) */,
			);
			name = "Modules(模块)";
			path = Modules;
			sourceTree = "<group>";
		};
		966057311F69634500861535 /* Login(登陆) */ = {
			isa = PBXGroup;
			children = (
				F41AC6891F6BB4EF0007A86E /* Model */,
				966057341F69642F00861535 /* Controller */,
			);
			name = "Login(登陆)";
			path = Login;
			sourceTree = "<group>";
		};
		966057341F69642F00861535 /* Controller */ = {
			isa = PBXGroup;
			children = (
				966057351F69644400861535 /* SDPLoginViewController.swift */,
				F41AC6A01F6BC8460007A86E /* SDPTouchIDViewController.swift */,
			);
			path = Controller;
			sourceTree = "<group>";
		};
		967DD7CA1F6955E0006E4684 = {
			isa = PBXGroup;
			children = (
				967DD7D51F6955E0006E4684 /* SDPPushClient */,
				967DD7D41F6955E0006E4684 /* Products */,
				218E3683F62E9DF881D6A133 /* Pods */,
				2CB9E31E7EC35EBBD8770B77 /* Frameworks */,
			);
			sourceTree = "<group>";
		};
		967DD7D41F6955E0006E4684 /* Products */ = {
			isa = PBXGroup;
			children = (
				967DD7D31F6955E0006E4684 /* SDPPushClient.app */,
			);
			name = Products;
			sourceTree = "<group>";
		};
		967DD7D51F6955E0006E4684 /* SDPPushClient */ = {
			isa = PBXGroup;
			children = (
				F41AC68C1F6BB9C10007A86E /* Singleton(单例) */,
				F4CB1C351F6A786900A2DDEC /* Tools(工具) */,
				F4CB1C301F6A6FBE00A2DDEC /* Extension(扩展) */,
				F416AFAF1F6A6401000C22E1 /* Macro(宏文件) */,
				966057301F69632400861535 /* Modules(模块) */,
				9660572C1F6961CA00861535 /* Foundation(基础) */,
				967DD7D61F6955E0006E4684 /* AppDelegate.swift */,
				967DD7DD1F6955E0006E4684 /* Assets.xcassets */,
				967DD7DF1F6955E0006E4684 /* LaunchScreen.storyboard */,
				967DD7E21F6955E0006E4684 /* Info.plist */,
				966057371F696EE300861535 /* SDPPushClient-Bridging-Header.h */,
			);
			path = SDPPushClient;
			sourceTree = "<group>";
		};
		F416AFAC1F6A6317000C22E1 /* NavigationController(导航控制器) */ = {
			isa = PBXGroup;
			children = (
				F416AFAD1F6A634E000C22E1 /* SDPNavigationController.swift */,
			);
			name = "NavigationController(导航控制器)";
			path = NavigationController;
			sourceTree = "<group>";
		};
		F416AFAF1F6A6401000C22E1 /* Macro(宏文件) */ = {
			isa = PBXGroup;
			children = (
				F416AFB01F6A6401000C22E1 /* SDPMacro.swift */,
			);
			name = "Macro(宏文件)";
			path = Macro;
			sourceTree = "<group>";
		};
		F41AC6891F6BB4EF0007A86E /* Model */ = {
			isa = PBXGroup;
			children = (
				F41AC68A1F6BB5660007A86E /* SDPAccount.swift */,
			);
			path = Model;
			sourceTree = "<group>";
		};
		F41AC68C1F6BB9C10007A86E /* Singleton(单例) */ = {
			isa = PBXGroup;
			children = (
				F41AC68D1F6BBA140007A86E /* SDPAccountManager.swift */,
			);
			name = "Singleton(单例)";
			path = Singleton;
			sourceTree = "<group>";
		};
		F41AC68F1F6BBC290007A86E /* TabBarController(底部导航) */ = {
			isa = PBXGroup;
			children = (
				F41AC6901F6BBC770007A86E /* SDPTabBarController.swift */,
			);
			name = "TabBarController(底部导航)";
			path = TabBarController;
			sourceTree = "<group>";
		};
		F41AC6921F6BC2480007A86E /* Application(应用) */ = {
			isa = PBXGroup;
			children = (
				F41AC6931F6BC2660007A86E /* Controller */,
			);
			name = "Application(应用)";
			path = Application;
			sourceTree = "<group>";
		};
		F41AC6931F6BC2660007A86E /* Controller */ = {
			isa = PBXGroup;
			children = (
				F41AC6941F6BC2B20007A86E /* SDPAppListViewController.swift */,
			);
			path = Controller;
			sourceTree = "<group>";
		};
		F41AC6961F6BC3F90007A86E /* PushList(推送记录) */ = {
			isa = PBXGroup;
			children = (
				F41AC6971F6BC4400007A86E /* Controller */,
			);
			name = "PushList(推送记录)";
			path = PushList;
			sourceTree = "<group>";
		};
		F41AC6971F6BC4400007A86E /* Controller */ = {
			isa = PBXGroup;
			children = (
				F41AC6981F6BC49C0007A86E /* SDPPushListViewController.swift */,
			);
			path = Controller;
			sourceTree = "<group>";
		};
		F41AC69A1F6BC5A00007A86E /* Setting(设置) */ = {
			isa = PBXGroup;
			children = (
				F41AC69B1F6BC5C90007A86E /* Controller */,
			);
			name = "Setting(设置)";
			path = Setting;
			sourceTree = "<group>";
		};
		F41AC69B1F6BC5C90007A86E /* Controller */ = {
			isa = PBXGroup;
			children = (
				F41AC69C1F6BC6110007A86E /* SDPSettingViewController.swift */,
			);
			path = Controller;
			sourceTree = "<group>";
		};
		F4CB1C301F6A6FBE00A2DDEC /* Extension(扩展) */ = {
			isa = PBXGroup;
			children = (
				F4CB1C331F6A706500A2DDEC /* SJStringExtension.swift */,
			);
			name = "Extension(扩展)";
			path = Extension;
			sourceTree = "<group>";
		};
		F4CB1C351F6A786900A2DDEC /* Tools(工具) */ = {
			isa = PBXGroup;
			children = (
				F4CB1C361F6A788800A2DDEC /* Network(网络) */,
			);
			name = "Tools(工具)";
			path = Tools;
			sourceTree = "<group>";
		};
		F4CB1C361F6A788800A2DDEC /* Network(网络) */ = {
			isa = PBXGroup;
			children = (
				F4CB1C371F6A78C900A2DDEC /* SDPHttpsClient.swift */,
			);
			name = "Network(网络)";
			path = Network;
			sourceTree = "<group>";
		};
/* End PBXGroup section */

/* Begin PBXNativeTarget section */
		967DD7D21F6955E0006E4684 /* SDPPushClient */ = {
			isa = PBXNativeTarget;
			buildConfigurationList = 967DD7E51F6955E0006E4684 /* Build configuration list for PBXNativeTarget "SDPPushClient" */;
			buildPhases = (
				8A8FA2E8380BBDC6F8BA950E /* [CP] Check Pods Manifest.lock */,
				967DD7CF1F6955E0006E4684 /* Sources */,
				967DD7D01F6955E0006E4684 /* Frameworks */,
				967DD7D11F6955E0006E4684 /* Resources */,
				5C68A137EBB83B41833DDD4F /* [CP] Embed Pods Frameworks */,
				A7357D01E08A45B645C18965 /* [CP] Copy Pods Resources */,
			);
			buildRules = (
			);
			dependencies = (
			);
			name = SDPPushClient;
			productName = SDPPushClient;
			productReference = 967DD7D31F6955E0006E4684 /* SDPPushClient.app */;
			productType = "com.apple.product-type.application";
		};
/* End PBXNativeTarget section */

/* Begin PBXProject section */
		967DD7CB1F6955E0006E4684 /* Project object */ = {
			isa = PBXProject;
			attributes = {
				CLASSPREFIX = SDP;
				LastSwiftUpdateCheck = 0830;
				LastUpgradeCheck = 0830;
				ORGANIZATIONNAME = soulja;
				TargetAttributes = {
					967DD7D21F6955E0006E4684 = {
						CreatedOnToolsVersion = 8.3.3;
						DevelopmentTeam = 6V3H2BMVZC;
						LastSwiftMigration = 0830;
						ProvisioningStyle = Automatic;
					};
				};
			};
			buildConfigurationList = 967DD7CE1F6955E0006E4684 /* Build configuration list for PBXProject "SDPPushClient" */;
			compatibilityVersion = "Xcode 3.2";
			developmentRegion = English;
			hasScannedForEncodings = 0;
			knownRegions = (
				en,
				Base,
			);
			mainGroup = 967DD7CA1F6955E0006E4684;
			productRefGroup = 967DD7D41F6955E0006E4684 /* Products */;
			projectDirPath = "";
			projectRoot = "";
			targets = (
				967DD7D21F6955E0006E4684 /* SDPPushClient */,
			);
		};
/* End PBXProject section */

/* Begin PBXResourcesBuildPhase section */
		967DD7D11F6955E0006E4684 /* Resources */ = {
			isa = PBXResourcesBuildPhase;
			buildActionMask = 2147483647;
			files = (
				967DD7E11F6955E0006E4684 /* LaunchScreen.storyboard in Resources */,
				967DD7DE1F6955E0006E4684 /* Assets.xcassets in Resources */,
			);
			runOnlyForDeploymentPostprocessing = 0;
		};
/* End PBXResourcesBuildPhase section */

/* Begin PBXShellScriptBuildPhase section */
		5C68A137EBB83B41833DDD4F /* [CP] Embed Pods Frameworks */ = {
			isa = PBXShellScriptBuildPhase;
			buildActionMask = 2147483647;
			files = (
			);
			inputPaths = (
				"${SRCROOT}/Pods/Target Support Files/Pods-SDPPushClient/Pods-SDPPushClient-frameworks.sh",
				"${BUILT_PRODUCTS_DIR}/Alamofire/Alamofire.framework",
				"${BUILT_PRODUCTS_DIR}/AlamofireSwiftyJSON/AlamofireSwiftyJSON.framework",
				"${BUILT_PRODUCTS_DIR}/ChameleonFramework/ChameleonFramework.framework",
				"${BUILT_PRODUCTS_DIR}/HandyJSON/HandyJSON.framework",
				"${BUILT_PRODUCTS_DIR}/Hero/Hero.framework",
				"${BUILT_PRODUCTS_DIR}/IQKeyboardManager/IQKeyboardManager.framework",
				"${BUILT_PRODUCTS_DIR}/KeychainAccess/KeychainAccess.framework",
				"${BUILT_PRODUCTS_DIR}/LTMorphingLabel/LTMorphingLabel.framework",
				"${BUILT_PRODUCTS_DIR}/MBProgressHUD/MBProgressHUD.framework",
				"${BUILT_PRODUCTS_DIR}/SnapKit/SnapKit.framework",
				"${BUILT_PRODUCTS_DIR}/SwiftyJSON/SwiftyJSON.framework",
			);
			name = "[CP] Embed Pods Frameworks";
			outputPaths = (
				"${TARGET_BUILD_DIR}/${FRAMEWORKS_FOLDER_PATH}/Alamofire.framework",
				"${TARGET_BUILD_DIR}/${FRAMEWORKS_FOLDER_PATH}/AlamofireSwiftyJSON.framework",
				"${TARGET_BUILD_DIR}/${FRAMEWORKS_FOLDER_PATH}/ChameleonFramework.framework",
				"${TARGET_BUILD_DIR}/${FRAMEWORKS_FOLDER_PATH}/HandyJSON.framework",
				"${TARGET_BUILD_DIR}/${FRAMEWORKS_FOLDER_PATH}/Hero.framework",
				"${TARGET_BUILD_DIR}/${FRAMEWORKS_FOLDER_PATH}/IQKeyboardManager.framework",
				"${TARGET_BUILD_DIR}/${FRAMEWORKS_FOLDER_PATH}/KeychainAccess.framework",
				"${TARGET_BUILD_DIR}/${FRAMEWORKS_FOLDER_PATH}/LTMorphingLabel.framework",
				"${TARGET_BUILD_DIR}/${FRAMEWORKS_FOLDER_PATH}/MBProgressHUD.framework",
				"${TARGET_BUILD_DIR}/${FRAMEWORKS_FOLDER_PATH}/SnapKit.framework",
				"${TARGET_BUILD_DIR}/${FRAMEWORKS_FOLDER_PATH}/SwiftyJSON.framework",
			);
			runOnlyForDeploymentPostprocessing = 0;
			shellPath = /bin/sh;
			shellScript = "\"${SRCROOT}/Pods/Target Support Files/Pods-SDPPushClient/Pods-SDPPushClient-frameworks.sh\"\n";
			showEnvVarsInLog = 0;
		};
		8A8FA2E8380BBDC6F8BA950E /* [CP] Check Pods Manifest.lock */ = {
			isa = PBXShellScriptBuildPhase;
			buildActionMask = 2147483647;
			files = (
			);
			inputPaths = (
				"${PODS_PODFILE_DIR_PATH}/Podfile.lock",
				"${PODS_ROOT}/Manifest.lock",
			);
			name = "[CP] Check Pods Manifest.lock";
			outputPaths = (
				"$(DERIVED_FILE_DIR)/Pods-SDPPushClient-checkManifestLockResult.txt",
			);
			runOnlyForDeploymentPostprocessing = 0;
			shellPath = /bin/sh;
			shellScript = "diff \"${PODS_PODFILE_DIR_PATH}/Podfile.lock\" \"${PODS_ROOT}/Manifest.lock\" > /dev/null\nif [ $? != 0 ] ; then\n    # print error to STDERR\n    echo \"error: The sandbox is not in sync with the Podfile.lock. Run 'pod install' or update your CocoaPods installation.\" >&2\n    exit 1\nfi\n# This output is used by Xcode 'outputs' to avoid re-running this script phase.\necho \"SUCCESS\" > \"${SCRIPT_OUTPUT_FILE_0}\"\n";
			showEnvVarsInLog = 0;
		};
		A7357D01E08A45B645C18965 /* [CP] Copy Pods Resources */ = {
			isa = PBXShellScriptBuildPhase;
			buildActionMask = 2147483647;
			files = (
			);
			inputPaths = (
			);
			name = "[CP] Copy Pods Resources";
			outputPaths = (
			);
			runOnlyForDeploymentPostprocessing = 0;
			shellPath = /bin/sh;
			shellScript = "\"${SRCROOT}/Pods/Target Support Files/Pods-SDPPushClient/Pods-SDPPushClient-resources.sh\"\n";
			showEnvVarsInLog = 0;
		};
/* End PBXShellScriptBuildPhase section */

/* Begin PBXSourcesBuildPhase section */
		967DD7CF1F6955E0006E4684 /* Sources */ = {
			isa = PBXSourcesBuildPhase;
			buildActionMask = 2147483647;
			files = (
				F416AFB11F6A6401000C22E1 /* SDPMacro.swift in Sources */,
				967DD7D71F6955E0006E4684 /* AppDelegate.swift in Sources */,
				F4CB1C381F6A78C900A2DDEC /* SDPHttpsClient.swift in Sources */,
				9660572F1F69623700861535 /* SDPBaseViewController.swift in Sources */,
				F41AC6951F6BC2B20007A86E /* SDPAppListViewController.swift in Sources */,
				966057361F69644400861535 /* SDPLoginViewController.swift in Sources */,
				F41AC6911F6BBC770007A86E /* SDPTabBarController.swift in Sources */,
				F41AC6991F6BC49C0007A86E /* SDPPushListViewController.swift in Sources */,
				F41AC68E1F6BBA140007A86E /* SDPAccountManager.swift in Sources */,
				965BFB771F6AA17C001D6726 /* SDPRegisterViewController.swift in Sources */,
				F416AFAE1F6A634E000C22E1 /* SDPNavigationController.swift in Sources */,
				F41AC6A11F6BC8460007A86E /* SDPTouchIDViewController.swift in Sources */,
				F41AC69D1F6BC6110007A86E /* SDPSettingViewController.swift in Sources */,
				F41AC68B1F6BB5660007A86E /* SDPAccount.swift in Sources */,
				F4CB1C341F6A706500A2DDEC /* SJStringExtension.swift in Sources */,
			);
			runOnlyForDeploymentPostprocessing = 0;
		};
/* End PBXSourcesBuildPhase section */

/* Begin PBXVariantGroup section */
		967DD7DF1F6955E0006E4684 /* LaunchScreen.storyboard */ = {
			isa = PBXVariantGroup;
			children = (
				967DD7E01F6955E0006E4684 /* Base */,
			);
			name = LaunchScreen.storyboard;
			sourceTree = "<group>";
		};
/* End PBXVariantGroup section */

/* Begin XCBuildConfiguration section */
		967DD7E31F6955E0006E4684 /* Debug */ = {
			isa = XCBuildConfiguration;
			buildSettings = {
				ALWAYS_SEARCH_USER_PATHS = NO;
				CLANG_ANALYZER_NONNULL = YES;
				CLANG_ANALYZER_NUMBER_OBJECT_CONVERSION = YES_AGGRESSIVE;
				CLANG_CXX_LANGUAGE_STANDARD = "gnu++0x";
				CLANG_CXX_LIBRARY = "libc++";
				CLANG_ENABLE_MODULES = YES;
				CLANG_ENABLE_OBJC_ARC = YES;
				CLANG_WARN_BLOCK_CAPTURE_AUTORELEASING = YES;
				CLANG_WARN_BOOL_CONVERSION = YES;
				CLANG_WARN_COMMA = YES;
				CLANG_WARN_CONSTANT_CONVERSION = YES;
				CLANG_WARN_DIRECT_OBJC_ISA_USAGE = YES_ERROR;
				CLANG_WARN_DOCUMENTATION_COMMENTS = YES;
				CLANG_WARN_EMPTY_BODY = YES;
				CLANG_WARN_ENUM_CONVERSION = YES;
				CLANG_WARN_INFINITE_RECURSION = YES;
				CLANG_WARN_INT_CONVERSION = YES;
				CLANG_WARN_NON_LITERAL_NULL_CONVERSION = YES;
				CLANG_WARN_OBJC_LITERAL_CONVERSION = YES;
				CLANG_WARN_OBJC_ROOT_CLASS = YES_ERROR;
				CLANG_WARN_RANGE_LOOP_ANALYSIS = YES;
				CLANG_WARN_STRICT_PROTOTYPES = YES;
				CLANG_WARN_SUSPICIOUS_MOVE = YES;
				CLANG_WARN_UNREACHABLE_CODE = YES;
				CLANG_WARN__DUPLICATE_METHOD_MATCH = YES;
				"CODE_SIGN_IDENTITY[sdk=iphoneos*]" = "iPhone Developer";
				COPY_PHASE_STRIP = NO;
				DEBUG_INFORMATION_FORMAT = dwarf;
				ENABLE_STRICT_OBJC_MSGSEND = YES;
				ENABLE_TESTABILITY = YES;
				GCC_C_LANGUAGE_STANDARD = gnu99;
				GCC_DYNAMIC_NO_PIC = NO;
				GCC_NO_COMMON_BLOCKS = YES;
				GCC_OPTIMIZATION_LEVEL = 0;
				GCC_PREPROCESSOR_DEFINITIONS = (
					"DEBUG=1",
					"$(inherited)",
				);
				GCC_WARN_64_TO_32_BIT_CONVERSION = YES;
				GCC_WARN_ABOUT_RETURN_TYPE = YES_ERROR;
				GCC_WARN_UNDECLARED_SELECTOR = YES;
				GCC_WARN_UNINITIALIZED_AUTOS = YES_AGGRESSIVE;
				GCC_WARN_UNUSED_FUNCTION = YES;
				GCC_WARN_UNUSED_VARIABLE = YES;
				IPHONEOS_DEPLOYMENT_TARGET = 8.0;
				MTL_ENABLE_DEBUG_INFO = YES;
				ONLY_ACTIVE_ARCH = YES;
				SDKROOT = iphoneos;
				SWIFT_ACTIVE_COMPILATION_CONDITIONS = DEBUG;
				SWIFT_OPTIMIZATION_LEVEL = "-Onone";
			};
			name = Debug;
		};
		967DD7E41F6955E0006E4684 /* Release */ = {
			isa = XCBuildConfiguration;
			buildSettings = {
				ALWAYS_SEARCH_USER_PATHS = NO;
				CLANG_ANALYZER_NONNULL = YES;
				CLANG_ANALYZER_NUMBER_OBJECT_CONVERSION = YES_AGGRESSIVE;
				CLANG_CXX_LANGUAGE_STANDARD = "gnu++0x";
				CLANG_CXX_LIBRARY = "libc++";
				CLANG_ENABLE_MODULES = YES;
				CLANG_ENABLE_OBJC_ARC = YES;
				CLANG_WARN_BLOCK_CAPTURE_AUTORELEASING = YES;
				CLANG_WARN_BOOL_CONVERSION = YES;
				CLANG_WARN_COMMA = YES;
				CLANG_WARN_CONSTANT_CONVERSION = YES;
				CLANG_WARN_DIRECT_OBJC_ISA_USAGE = YES_ERROR;
				CLANG_WARN_DOCUMENTATION_COMMENTS = YES;
				CLANG_WARN_EMPTY_BODY = YES;
				CLANG_WARN_ENUM_CONVERSION = YES;
				CLANG_WARN_INFINITE_RECURSION = YES;
				CLANG_WARN_INT_CONVERSION = YES;
				CLANG_WARN_NON_LITERAL_NULL_CONVERSION = YES;
				CLANG_WARN_OBJC_LITERAL_CONVERSION = YES;
				CLANG_WARN_OBJC_ROOT_CLASS = YES_ERROR;
				CLANG_WARN_RANGE_LOOP_ANALYSIS = YES;
				CLANG_WARN_STRICT_PROTOTYPES = YES;
				CLANG_WARN_SUSPICIOUS_MOVE = YES;
				CLANG_WARN_UNREACHABLE_CODE = YES;
				CLANG_WARN__DUPLICATE_METHOD_MATCH = YES;
				"CODE_SIGN_IDENTITY[sdk=iphoneos*]" = "iPhone Developer";
				COPY_PHASE_STRIP = NO;
				DEBUG_INFORMATION_FORMAT = "dwarf-with-dsym";
				ENABLE_NS_ASSERTIONS = NO;
				ENABLE_STRICT_OBJC_MSGSEND = YES;
				GCC_C_LANGUAGE_STANDARD = gnu99;
				GCC_NO_COMMON_BLOCKS = YES;
				GCC_WARN_64_TO_32_BIT_CONVERSION = YES;
				GCC_WARN_ABOUT_RETURN_TYPE = YES_ERROR;
				GCC_WARN_UNDECLARED_SELECTOR = YES;
				GCC_WARN_UNINITIALIZED_AUTOS = YES_AGGRESSIVE;
				GCC_WARN_UNUSED_FUNCTION = YES;
				GCC_WARN_UNUSED_VARIABLE = YES;
				IPHONEOS_DEPLOYMENT_TARGET = 8.0;
				MTL_ENABLE_DEBUG_INFO = NO;
				SDKROOT = iphoneos;
				SWIFT_OPTIMIZATION_LEVEL = "-Owholemodule";
				VALIDATE_PRODUCT = YES;
			};
			name = Release;
		};
		967DD7E61F6955E0006E4684 /* Debug */ = {
			isa = XCBuildConfiguration;
			baseConfigurationReference = FB86AED1C1789940CB4D89BD /* Pods-SDPPushClient.debug.xcconfig */;
			buildSettings = {
				ALWAYS_EMBED_SWIFT_STANDARD_LIBRARIES = "$(inherited)";
				ASSETCATALOG_COMPILER_APPICON_NAME = AppIcon;
				CLANG_ENABLE_MODULES = YES;
				DEVELOPMENT_TEAM = 6V3H2BMVZC;
				INFOPLIST_FILE = SDPPushClient/Info.plist;
				LD_RUNPATH_SEARCH_PATHS = "$(inherited) @executable_path/Frameworks";
				PRODUCT_BUNDLE_IDENTIFIER = com.soulja.SDPPushClient;
				PRODUCT_NAME = "$(TARGET_NAME)";
				SWIFT_OBJC_BRIDGING_HEADER = "SDPPushClient/SDPPushClient-Bridging-Header.h";
				SWIFT_OPTIMIZATION_LEVEL = "-Onone";
				SWIFT_VERSION = 3.0;
			};
			name = Debug;
		};
		967DD7E71F6955E0006E4684 /* Release */ = {
			isa = XCBuildConfiguration;
			baseConfigurationReference = DBA021C8E7DD92867AC42DC7 /* Pods-SDPPushClient.release.xcconfig */;
			buildSettings = {
				ALWAYS_EMBED_SWIFT_STANDARD_LIBRARIES = "$(inherited)";
				ASSETCATALOG_COMPILER_APPICON_NAME = AppIcon;
				CLANG_ENABLE_MODULES = YES;
				DEVELOPMENT_TEAM = 6V3H2BMVZC;
				INFOPLIST_FILE = SDPPushClient/Info.plist;
				LD_RUNPATH_SEARCH_PATHS = "$(inherited) @executable_path/Frameworks";
				PRODUCT_BUNDLE_IDENTIFIER = com.soulja.SDPPushClient;
				PRODUCT_NAME = "$(TARGET_NAME)";
				SWIFT_OBJC_BRIDGING_HEADER = "SDPPushClient/SDPPushClient-Bridging-Header.h";
				SWIFT_VERSION = 3.0;
			};
			name = Release;
		};
/* End XCBuildConfiguration section */

/* Begin XCConfigurationList section */
		967DD7CE1F6955E0006E4684 /* Build configuration list for PBXProject "SDPPushClient" */ = {
			isa = XCConfigurationList;
			buildConfigurations = (
				967DD7E31F6955E0006E4684 /* Debug */,
				967DD7E41F6955E0006E4684 /* Release */,
			);
			defaultConfigurationIsVisible = 0;
			defaultConfigurationName = Release;
		};
		967DD7E51F6955E0006E4684 /* Build configuration list for PBXNativeTarget "SDPPushClient" */ = {
			isa = XCConfigurationList;
			buildConfigurations = (
				967DD7E61F6955E0006E4684 /* Debug */,
				967DD7E71F6955E0006E4684 /* Release */,
			);
			defaultConfigurationIsVisible = 0;
			defaultConfigurationName = Release;
		};
/* End XCConfigurationList section */
	};
	rootObject = 967DD7CB1F6955E0006E4684 /* Project object */;
}
